{
  "version": 4,
  "terraform_version": "0.12.17",
  "serial": 396,
  "lineage": "26cfd35a-213b-cc77-0d1e-87371a0af49d",
  "outputs": {},
  "resources": [
    {
      "module": "module.gce-k8s-master",
      "mode": "managed",
      "type": "google_compute_firewall",
      "name": "default",
      "provider": "provider.google",
      "instances": [
        {
          "schema_version": 1,
          "attributes": {
            "allow": [
              {
                "ports": [
                  "80"
                ],
                "protocol": "tcp"
              }
            ],
            "creation_timestamp": "2020-01-29T22:00:23.686-08:00",
            "deny": [],
            "description": "",
            "destination_ranges": [],
            "direction": "INGRESS",
            "disabled": false,
            "enable_logging": false,
            "id": "projects/devopsbar20/global/firewalls/k8s-master-allow-http",
            "name": "k8s-master-allow-http",
            "network": "https://www.googleapis.com/compute/v1/projects/devopsbar20/global/networks/default",
            "priority": 1000,
            "project": "devopsbar20",
            "self_link": "https://www.googleapis.com/compute/v1/projects/devopsbar20/global/firewalls/k8s-master-allow-http",
            "source_ranges": [
              "0.0.0.0/0"
            ],
            "source_service_accounts": null,
            "source_tags": null,
            "target_service_accounts": null,
            "target_tags": [
              "master-http"
            ],
            "timeouts": null
          },
          "private": "eyJlMmJmYjczMC1lY2FhLTExZTYtOGY4OC0zNDM2M2JjN2M0YzAiOnsiY3JlYXRlIjoyNDAwMDAwMDAwMDAsImRlbGV0ZSI6MjQwMDAwMDAwMDAwLCJ1cGRhdGUiOjI0MDAwMDAwMDAwMH0sInNjaGVtYV92ZXJzaW9uIjoiMSJ9"
        }
      ]
    },
    {
      "module": "module.gce-k8s-worker",
      "mode": "managed",
      "type": "google_compute_firewall",
      "name": "default",
      "provider": "provider.google",
      "instances": [
        {
          "schema_version": 1,
          "attributes": {
            "allow": [
              {
                "ports": [
                  "80"
                ],
                "protocol": "tcp"
              }
            ],
            "creation_timestamp": "2020-01-29T22:00:23.825-08:00",
            "deny": [],
            "description": "",
            "destination_ranges": [],
            "direction": "INGRESS",
            "disabled": false,
            "enable_logging": false,
            "id": "projects/devopsbar20/global/firewalls/k8s-worker-allow-http",
            "name": "k8s-worker-allow-http",
            "network": "https://www.googleapis.com/compute/v1/projects/devopsbar20/global/networks/default",
            "priority": 1000,
            "project": "devopsbar20",
            "self_link": "https://www.googleapis.com/compute/v1/projects/devopsbar20/global/firewalls/k8s-worker-allow-http",
            "source_ranges": [
              "0.0.0.0/0"
            ],
            "source_service_accounts": null,
            "source_tags": null,
            "target_service_accounts": null,
            "target_tags": [
              "worker-http"
            ],
            "timeouts": null
          },
          "private": "eyJlMmJmYjczMC1lY2FhLTExZTYtOGY4OC0zNDM2M2JjN2M0YzAiOnsiY3JlYXRlIjoyNDAwMDAwMDAwMDAsImRlbGV0ZSI6MjQwMDAwMDAwMDAwLCJ1cGRhdGUiOjI0MDAwMDAwMDAwMH0sInNjaGVtYV92ZXJzaW9uIjoiMSJ9"
        }
      ]
    },
    {
      "module": "module.gce-k8s-master",
      "mode": "managed",
      "type": "google_compute_instance",
      "name": "vm_instance",
      "provider": "provider.google",
      "instances": [
        {
          "schema_version": 6,
          "attributes": {
            "allow_stopping_for_update": null,
            "attached_disk": [],
            "boot_disk": [
              {
                "auto_delete": true,
                "device_name": "persistent-disk-0",
                "disk_encryption_key_raw": "",
                "disk_encryption_key_sha256": "",
                "initialize_params": [
                  {
                    "image": "https://www.googleapis.com/compute/v1/projects/centos-cloud/global/images/centos-7-v20191210",
                    "labels": {},
                    "size": 10,
                    "type": "pd-standard"
                  }
                ],
                "kms_key_self_link": "",
                "mode": "READ_WRITE",
                "source": "https://www.googleapis.com/compute/v1/projects/devopsbar20/zones/us-west1-a/disks/k8s-master"
              }
            ],
            "can_ip_forward": false,
            "cpu_platform": "Intel Broadwell",
            "deletion_protection": false,
            "description": "",
            "enable_display": false,
            "guest_accelerator": [],
            "hostname": "",
            "id": "projects/devopsbar20/zones/us-west1-a/instances/k8s-master",
            "instance_id": "4353512435456396823",
            "label_fingerprint": "42WmSpB8rSM=",
            "labels": null,
            "machine_type": "n1-standard-2",
            "metadata": {
              "startup-script": "        echo \"ansible123\" | passwd --stdin root\n        sed -i 's/PermitRootLogin no/PermitRootLogin yes/g' /etc/ssh/sshd_config\n        sed -i 's/PasswordAuthentication no/PasswordAuthentication yes/g' /etc/ssh/sshd_config\n        systemctl restart sshd\n"
            },
            "metadata_fingerprint": "z5dLoDJ8b4M=",
            "metadata_startup_script": null,
            "min_cpu_platform": "",
            "name": "k8s-master",
            "network_interface": [
              {
                "access_config": [
                  {
                    "nat_ip": "35.199.158.80",
                    "network_tier": "PREMIUM",
                    "public_ptr_domain_name": ""
                  }
                ],
                "alias_ip_range": [],
                "name": "nic0",
                "network": "https://www.googleapis.com/compute/v1/projects/devopsbar20/global/networks/default",
                "network_ip": "10.138.0.15",
                "subnetwork": "https://www.googleapis.com/compute/v1/projects/devopsbar20/regions/us-west1/subnetworks/default",
                "subnetwork_project": "devopsbar20"
              }
            ],
            "project": "devopsbar20",
            "scheduling": [
              {
                "automatic_restart": true,
                "node_affinities": [],
                "on_host_maintenance": "MIGRATE",
                "preemptible": false
              }
            ],
            "scratch_disk": [],
            "self_link": "https://www.googleapis.com/compute/v1/projects/devopsbar20/zones/us-west1-a/instances/k8s-master",
            "service_account": [],
            "shielded_instance_config": [],
            "tags": [
              "k8s-master"
            ],
            "tags_fingerprint": "_LH7AApl0rc=",
            "timeouts": null,
            "zone": "us-west1-a"
          },
          "private": "eyJlMmJmYjczMC1lY2FhLTExZTYtOGY4OC0zNDM2M2JjN2M0YzAiOnsiY3JlYXRlIjoxMjAwMDAwMDAwMDAwLCJkZWxldGUiOjEyMDAwMDAwMDAwMDAsInVwZGF0ZSI6MTIwMDAwMDAwMDAwMH0sInNjaGVtYV92ZXJzaW9uIjoiNiJ9"
        }
      ]
    },
    {
      "module": "module.gce-k8s-worker",
      "mode": "managed",
      "type": "google_compute_instance",
      "name": "vm_instance",
      "each": "list",
      "provider": "provider.google",
      "instances": [
        {
          "index_key": 0,
          "schema_version": 6,
          "attributes": {
            "allow_stopping_for_update": null,
            "attached_disk": [],
            "boot_disk": [
              {
                "auto_delete": true,
                "device_name": "persistent-disk-0",
                "disk_encryption_key_raw": "",
                "disk_encryption_key_sha256": "",
                "initialize_params": [
                  {
                    "image": "https://www.googleapis.com/compute/v1/projects/centos-cloud/global/images/centos-7-v20191210",
                    "labels": {},
                    "size": 10,
                    "type": "pd-standard"
                  }
                ],
                "kms_key_self_link": "",
                "mode": "READ_WRITE",
                "source": "https://www.googleapis.com/compute/v1/projects/devopsbar20/zones/us-west1-a/disks/k8s-worker1"
              }
            ],
            "can_ip_forward": false,
            "cpu_platform": "Intel Broadwell",
            "deletion_protection": false,
            "description": "",
            "enable_display": false,
            "guest_accelerator": [],
            "hostname": "",
            "id": "projects/devopsbar20/zones/us-west1-a/instances/k8s-worker1",
            "instance_id": "7648253342243606039",
            "label_fingerprint": "42WmSpB8rSM=",
            "labels": null,
            "machine_type": "n1-standard-2",
            "metadata": {
              "startup-script": "        echo \"ansible123\" | passwd --stdin root\n        sed -i 's/PermitRootLogin no/PermitRootLogin yes/g' /etc/ssh/sshd_config\n        sed -i 's/PasswordAuthentication no/PasswordAuthentication yes/g' /etc/ssh/sshd_config\n        systemctl restart sshd\n"
            },
            "metadata_fingerprint": "z5dLoDJ8b4M=",
            "metadata_startup_script": null,
            "min_cpu_platform": "",
            "name": "k8s-worker1",
            "network_interface": [
              {
                "access_config": [
                  {
                    "nat_ip": "35.185.217.40",
                    "network_tier": "PREMIUM",
                    "public_ptr_domain_name": ""
                  }
                ],
                "alias_ip_range": [],
                "name": "nic0",
                "network": "https://www.googleapis.com/compute/v1/projects/devopsbar20/global/networks/default",
                "network_ip": "10.138.0.16",
                "subnetwork": "https://www.googleapis.com/compute/v1/projects/devopsbar20/regions/us-west1/subnetworks/default",
                "subnetwork_project": "devopsbar20"
              }
            ],
            "project": "devopsbar20",
            "scheduling": [
              {
                "automatic_restart": true,
                "node_affinities": [],
                "on_host_maintenance": "MIGRATE",
                "preemptible": false
              }
            ],
            "scratch_disk": [],
            "self_link": "https://www.googleapis.com/compute/v1/projects/devopsbar20/zones/us-west1-a/instances/k8s-worker1",
            "service_account": [],
            "shielded_instance_config": [],
            "tags": [
              "k8s-worker1"
            ],
            "tags_fingerprint": "4GQT1ykIby8=",
            "timeouts": null,
            "zone": "us-west1-a"
          },
          "private": "eyJlMmJmYjczMC1lY2FhLTExZTYtOGY4OC0zNDM2M2JjN2M0YzAiOnsiY3JlYXRlIjoxMjAwMDAwMDAwMDAwLCJkZWxldGUiOjEyMDAwMDAwMDAwMDAsInVwZGF0ZSI6MTIwMDAwMDAwMDAwMH0sInNjaGVtYV92ZXJzaW9uIjoiNiJ9"
        },
        {
          "index_key": 1,
          "schema_version": 6,
          "attributes": {
            "allow_stopping_for_update": null,
            "attached_disk": [],
            "boot_disk": [
              {
                "auto_delete": true,
                "device_name": "persistent-disk-0",
                "disk_encryption_key_raw": "",
                "disk_encryption_key_sha256": "",
                "initialize_params": [
                  {
                    "image": "https://www.googleapis.com/compute/v1/projects/centos-cloud/global/images/centos-7-v20191210",
                    "labels": {},
                    "size": 10,
                    "type": "pd-standard"
                  }
                ],
                "kms_key_self_link": "",
                "mode": "READ_WRITE",
                "source": "https://www.googleapis.com/compute/v1/projects/devopsbar20/zones/us-west1-a/disks/k8s-worker2"
              }
            ],
            "can_ip_forward": false,
            "cpu_platform": "Intel Broadwell",
            "deletion_protection": false,
            "description": "",
            "enable_display": false,
            "guest_accelerator": [],
            "hostname": "",
            "id": "projects/devopsbar20/zones/us-west1-a/instances/k8s-worker2",
            "instance_id": "5230330910877928983",
            "label_fingerprint": "42WmSpB8rSM=",
            "labels": null,
            "machine_type": "n1-standard-2",
            "metadata": {
              "startup-script": "        echo \"ansible123\" | passwd --stdin root\n        sed -i 's/PermitRootLogin no/PermitRootLogin yes/g' /etc/ssh/sshd_config\n        sed -i 's/PasswordAuthentication no/PasswordAuthentication yes/g' /etc/ssh/sshd_config\n        systemctl restart sshd\n"
            },
            "metadata_fingerprint": "z5dLoDJ8b4M=",
            "metadata_startup_script": null,
            "min_cpu_platform": "",
            "name": "k8s-worker2",
            "network_interface": [
              {
                "access_config": [
                  {
                    "nat_ip": "104.199.126.48",
                    "network_tier": "PREMIUM",
                    "public_ptr_domain_name": ""
                  }
                ],
                "alias_ip_range": [],
                "name": "nic0",
                "network": "https://www.googleapis.com/compute/v1/projects/devopsbar20/global/networks/default",
                "network_ip": "10.138.0.17",
                "subnetwork": "https://www.googleapis.com/compute/v1/projects/devopsbar20/regions/us-west1/subnetworks/default",
                "subnetwork_project": "devopsbar20"
              }
            ],
            "project": "devopsbar20",
            "scheduling": [
              {
                "automatic_restart": true,
                "node_affinities": [],
                "on_host_maintenance": "MIGRATE",
                "preemptible": false
              }
            ],
            "scratch_disk": [],
            "self_link": "https://www.googleapis.com/compute/v1/projects/devopsbar20/zones/us-west1-a/instances/k8s-worker2",
            "service_account": [],
            "shielded_instance_config": [],
            "tags": [
              "k8s-worker2"
            ],
            "tags_fingerprint": "OXK0t8umgrw=",
            "timeouts": null,
            "zone": "us-west1-a"
          },
          "private": "eyJlMmJmYjczMC1lY2FhLTExZTYtOGY4OC0zNDM2M2JjN2M0YzAiOnsiY3JlYXRlIjoxMjAwMDAwMDAwMDAwLCJkZWxldGUiOjEyMDAwMDAwMDAwMDAsInVwZGF0ZSI6MTIwMDAwMDAwMDAwMH0sInNjaGVtYV92ZXJzaW9uIjoiNiJ9"
        }
      ]
    },
    {
      "mode": "managed",
      "type": "null_resource",
      "name": "ansible-play",
      "provider": "provider.null",
      "instances": [
        {
          "schema_version": 0,
          "attributes": {
            "id": "7039098801791539591",
            "triggers": null
          },
          "private": "bnVsbA==",
          "dependencies": [
            "module.gce-k8s-master.google_compute_firewall.default",
            "module.gce-k8s-master.google_compute_instance.vm_instance",
            "module.gce-k8s-worker.google_compute_firewall.default",
            "module.gce-k8s-worker.google_compute_instance.vm_instance"
          ]
        }
      ]
    }
  ]
}
